// !$*UTF8*$!
{
	archiveVersion = 1;
	classes = {
	};
	objectVersion = 46;
	objects = {

/* Begin PBXBuildFile section */
		1910A51B1D410A8D00A45487 /* main.m in Sources */ = {isa = PBXBuildFile; fileRef = 1910A51A1D410A8D00A45487 /* main.m */; };
		1910A51E1D410A8D00A45487 /* AppDelegate.m in Sources */ = {isa = PBXBuildFile; fileRef = 1910A51D1D410A8D00A45487 /* AppDelegate.m */; };
		1910A5261D410A8D00A45487 /* Assets.xcassets in Resources */ = {isa = PBXBuildFile; fileRef = 1910A5251D410A8D00A45487 /* Assets.xcassets */; };
		1910A5321D410BB500A45487 /* TableViewController.m in Sources */ = {isa = PBXBuildFile; fileRef = 1910A5311D410BB500A45487 /* TableViewController.m */; };
		1910A5341D410C2200A45487 /* LaunchScreen.storyboard in Resources */ = {isa = PBXBuildFile; fileRef = 1910A5331D410C2200A45487 /* LaunchScreen.storyboard */; };
		1910A53D1D411E0700A45487 /* Localizable.strings in Resources */ = {isa = PBXBuildFile; fileRef = 1910A53B1D411E0700A45487 /* Localizable.strings */; };
/* End PBXBuildFile section */

/* Begin PBXFileReference section */
		1910A5161D410A8D00A45487 /* TyStringTest.app */ = {isa = PBXFileReference; explicitFileType = wrapper.application; includeInIndex = 0; path = TyStringTest.app; sourceTree = BUILT_PRODUCTS_DIR; };
		1910A51A1D410A8D00A45487 /* main.m */ = {isa = PBXFileReference; lastKnownFileType = sourcecode.c.objc; path = main.m; sourceTree = "<group>"; };
		1910A51C1D410A8D00A45487 /* AppDelegate.h */ = {isa = PBXFileReference; lastKnownFileType = sourcecode.c.h; path = AppDelegate.h; sourceTree = "<group>"; };
		1910A51D1D410A8D00A45487 /* AppDelegate.m */ = {isa = PBXFileReference; lastKnownFileType = sourcecode.c.objc; path = AppDelegate.m; sourceTree = "<group>"; };
		1910A5251D410A8D00A45487 /* Assets.xcassets */ = {isa = PBXFileReference; lastKnownFileType = folder.assetcatalog; path = Assets.xcassets; sourceTree = "<group>"; };
		1910A52A1D410A8D00A45487 /* Info.plist */ = {isa = PBXFileReference; lastKnownFileType = text.plist.xml; path = Info.plist; sourceTree = "<group>"; };
		1910A5301D410BB500A45487 /* TableViewController.h */ = {isa = PBXFileReference; fileEncoding = 4; lastKnownFileType = sourcecode.c.h; path = TableViewController.h; sourceTree = "<group>"; };
		1910A5311D410BB500A45487 /* TableViewController.m */ = {isa = PBXFileReference; fileEncoding = 4; lastKnownFileType = sourcecode.c.objc; path = TableViewController.m; sourceTree = "<group>"; };
		1910A5331D410C2200A45487 /* LaunchScreen.storyboard */ = {isa = PBXFileReference; fileEncoding = 4; lastKnownFileType = file.storyboard; path = LaunchScreen.storyboard; sourceTree = "<group>"; };
		1910A53C1D411E0700A45487 /* en */ = {isa = PBXFileReference; lastKnownFileType = text.plist.strings; name = en; path = en.lproj/Localizable.strings; sourceTree = "<group>"; };
		1910A53E1D411E1300A45487 /* zh-Hans */ = {isa = PBXFileReference; lastKnownFileType = text.plist.strings; name = "zh-Hans"; path = "zh-Hans.lproj/Localizable.strings"; sourceTree = "<group>"; };
		1910A53F1D411E1900A45487 /* zh-Hant */ = {isa = PBXFileReference; lastKnownFileType = text.plist.strings; name = "zh-Hant"; path = "zh-Hant.lproj/Localizable.strings"; sourceTree = "<group>"; };
/* End PBXFileReference section */

/* Begin PBXFrameworksBuildPhase section */
		1910A5131D410A8D00A45487 /* Frameworks */ = {
			isa = PBXFrameworksBuildPhase;
			buildActionMask = 2147483647;
			files = (
			);
			runOnlyForDeploymentPostprocessing = 0;
		};
/* End PBXFrameworksBuildPhase section */

/* Begin PBXGroup section */
		1910A50D1D410A8D00A45487 = {
			isa = PBXGroup;
			children = (
				1910A5181D410A8D00A45487 /* TyStringTest */,
				1910A5171D410A8D00A45487 /* Products */,
			);
			sourceTree = "<group>";
		};
		1910A5171D410A8D00A45487 /* Products */ = {
			isa = PBXGroup;
			children = (
				1910A5161D410A8D00A45487 /* TyStringTest.app */,
			);
			name = Products;
			sourceTree = "<group>";
		};
		1910A5181D410A8D00A45487 /* TyStringTest */ = {
			isa = PBXGroup;
			children = (
				1910A51C1D410A8D00A45487 /* AppDelegate.h */,
				1910A51D1D410A8D00A45487 /* AppDelegate.m */,
				1910A5301D410BB500A45487 /* TableViewController.h */,
				1910A5311D410BB500A45487 /* TableViewController.m */,
				1910A5331D410C2200A45487 /* LaunchScreen.storyboard */,
				1910A5251D410A8D00A45487 /* Assets.xcassets */,
				1910A52A1D410A8D00A45487 /* Info.plist */,
				1910A53B1D411E0700A45487 /* Localizable.strings */,
				1910A5191D410A8D00A45487 /* Supporting Files */,
			);
			path = TyStringTest;
			sourceTree = "<group>";
		};
		1910A5191D410A8D00A45487 /* Supporting Files */ = {
			isa = PBXGroup;
			children = (
				1910A51A1D410A8D00A45487 /* main.m */,
			);
			name = "Supporting Files";
			sourceTree = "<group>";
		};
/* End PBXGroup section */

/* Begin PBXNativeTarget section */
		1910A5151D410A8D00A45487 /* TyStringTest */ = {
			isa = PBXNativeTarget;
			buildConfigurationList = 1910A52D1D410A8D00A45487 /* Build configuration list for PBXNativeTarget "TyStringTest" */;
			buildPhases = (
				1910A5121D410A8D00A45487 /* Sources */,
				1910A5131D410A8D00A45487 /* Frameworks */,
				1910A5141D410A8D00A45487 /* Resources */,
			);
			buildRules = (
			);
			dependencies = (
			);
			name = TyStringTest;
			productName = TyStringTest;
			productReference = 1910A5161D410A8D00A45487 /* TyStringTest.app */;
			productType = "com.apple.product-type.application";
		};
/* End PBXNativeTarget section */

/* Begin PBXProject section */
		1910A50E1D410A8D00A45487 /* Project object */ = {
			isa = PBXProject;
			attributes = {
				LastUpgradeCheck = 0730;
				ORGANIZATIONNAME = luckytianyiyan;
				TargetAttributes = {
					1910A5151D410A8D00A45487 = {
						CreatedOnToolsVersion = 7.3.1;
					};
				};
			};
			buildConfigurationList = 1910A5111D410A8D00A45487 /* Build configuration list for PBXProject "TyStringTest" */;
			compatibilityVersion = "Xcode 3.2";
			developmentRegion = English;
			hasScannedForEncodings = 0;
			knownRegions = (
				en,
				"zh-Hans",
				"zh-Hant",
			);
			mainGroup = 1910A50D1D410A8D00A45487;
			productRefGroup = 1910A5171D410A8D00A45487 /* Products */;
			projectDirPath = "";
			projectRoot = "";
			targets = (
				1910A5151D410A8D00A45487 /* TyStringTest */,
			);
		};
/* End PBXProject section */

/* Begin PBXResourcesBuildPhase section */
		1910A5141D410A8D00A45487 /* Resources */ = {
			isa = PBXResourcesBuildPhase;
			buildActionMask = 2147483647;
			files = (
				1910A5261D410A8D00A45487 /* Assets.xcassets in Resources */,
				1910A53D1D411E0700A45487 /* Localizable.strings in Resources */,
				1910A5341D410C2200A45487 /* LaunchScreen.storyboard in Resources */,
			);
			runOnlyForDeploymentPostprocessing = 0;
		};
/* End PBXResourcesBuildPhase section */

/* Begin PBXSourcesBuildPhase section */
		1910A5121D410A8D00A45487 /* Sources */ = {
			isa = PBXSourcesBuildPhase;
			buildActionMask = 2147483647;
			files = (
				1910A51E1D410A8D00A45487 /* AppDelegate.m in Sources */,
				1910A5321D410BB500A45487 /* TableViewController.m in Sources */,
				1910A51B1D410A8D00A45487 /* main.m in Sources */,
			);
			runOnlyForDeploymentPostprocessing = 0;
		};
/* End PBXSourcesBuildPhase section */

/* Begin PBXVariantGroup section */
		1910A53B1D411E0700A45487 /* Localizable.strings */ = {
			isa = PBXVariantGroup;
			children = (
				1910A53C1D411E0700A45487 /* en */,
				1910A53E1D411E1300A45487 /* zh-Hans */,
				1910A53F1D411E1900A45487 /* zh-Hant */,
			);
			name = Localizable.strings;
			sourceTree = "<group>";
		};
/* End PBXVariantGroup section */

/* Begin XCBuildConfiguration section */
		1910A52B1D410A8D00A45487 /* Debug */ = {
			isa = XCBuildConfiguration;
			buildSettings = {
				ALWAYS_SEARCH_USER_PATHS = NO;
				CLANG_ANALYZER_NONNULL = YES;
				CLANG_CXX_LANGUAGE_STANDARD = "gnu++0x";
				CLANG_CXX_LIBRARY = "libc++";
				CLANG_ENABLE_MODULES = YES;
				CLANG_ENABLE_OBJC_ARC = YES;
				CLANG_WARN_BOOL_CONVERSION = YES;
				CLANG_WARN_CONSTANT_CONVERSION = YES;
				CLANG_WARN_DIRECT_OBJC_ISA_USAGE = YES_ERROR;
				CLANG_WARN_EMPTY_BODY = YES;
				CLANG_WARN_ENUM_CONVERSION = YES;
				CLANG_WARN_INT_CONVERSION = YES;
				CLANG_WARN_OBJC_ROOT_CLASS = YES_ERROR;
				CLANG_WARN_UNREACHABLE_CODE = YES;
				CLANG_WARN__DUPLICATE_METHOD_MATCH = YES;
				"CODE_SIGN_IDENTITY[sdk=iphoneos*]" = "iPhone Developer";
				COPY_PHASE_STRIP = NO;
				DEBUG_INFORMATION_FORMAT = dwarf;
				ENABLE_STRICT_OBJC_MSGSEND = YES;
				ENABLE_TESTABILITY = YES;
				GCC_C_LANGUAGE_STANDARD = gnu99;
				GCC_DYNAMIC_NO_PIC = NO;
				GCC_NO_COMMON_BLOCKS = YES;
				GCC_OPTIMIZATION_LEVEL = 0;
				GCC_PREPROCESSOR_DEFINITIONS = (
					"DEBUG=1",
					"$(inherited)",
				);
				GCC_WARN_64_TO_32_BIT_CONVERSION = YES;
				GCC_WARN_ABOUT_RETURN_TYPE = YES_ERROR;
				GCC_WARN_UNDECLARED_SELECTOR = YES;
				GCC_WARN_UNINITIALIZED_AUTOS = YES_AGGRESSIVE;
				GCC_WARN_UNUSED_FUNCTION = YES;
				GCC_WARN_UNUSED_VARIABLE = YES;
				IPHONEOS_DEPLOYMENT_TARGET = 9.3;
				MTL_ENABLE_DEBUG_INFO = YES;
				ONLY_ACTIVE_ARCH = YES;
				SDKROOT = iphoneos;
			};
			name = Debug;
		};
		1910A52C1D410A8D00A45487 /* Release */ = {
			isa = XCBuildConfiguration;
			buildSettings = {
				ALWAYS_SEARCH_USER_PATHS = NO;
				CLANG_ANALYZER_NONNULL = YES;
				CLANG_CXX_LANGUAGE_STANDARD = "gnu++0x";
				CLANG_CXX_LIBRARY = "libc++";
				CLANG_ENABLE_MODULES = YES;
				CLANG_ENABLE_OBJC_ARC = YES;
				CLANG_WARN_BOOL_CONVERSION = YES;
				CLANG_WARN_CONSTANT_CONVERSION = YES;
				CLANG_WARN_DIRECT_OBJC_ISA_USAGE = YES_ERROR;
				CLANG_WARN_EMPTY_BODY = YES;
				CLANG_WARN_ENUM_CONVERSION = YES;
				CLANG_WARN_INT_CONVERSION = YES;
				CLANG_WARN_OBJC_ROOT_CLASS = YES_ERROR;
				CLANG_WARN_UNREACHABLE_CODE = YES;
				CLANG_WARN__DUPLICATE_METHOD_MATCH = YES;
				"CODE_SIGN_IDENTITY[sdk=iphoneos*]" = "iPhone Developer";
				COPY_PHASE_STRIP = NO;
				DEBUG_INFORMATION_FORMAT = "dwarf-with-dsym";
				ENABLE_NS_ASSERTIONS = NO;
				ENABLE_STRICT_OBJC_MSGSEND = YES;
				GCC_C_LANGUAGE_STANDARD = gnu99;
				GCC_NO_COMMON_BLOCKS = YES;
				GCC_WARN_64_TO_32_BIT_CONVERSION = YES;
				GCC_WARN_ABOUT_RETURN_TYPE = YES_ERROR;
				GCC_WARN_UNDECLARED_SELECTOR = YES;
				GCC_WARN_UNINITIALIZED_AUTOS = YES_AGGRESSIVE;
				GCC_WARN_UNUSED_FUNCTION = YES;
				GCC_WARN_UNUSED_VARIABLE = YES;
				IPHONEOS_DEPLOYMENT_TARGET = 9.3;
				MTL_ENABLE_DEBUG_INFO = NO;
				SDKROOT = iphoneos;
				VALIDATE_PRODUCT = YES;
			};
			name = Release;
		};
		1910A52E1D410A8D00A45487 /* Debug */ = {
			isa = XCBuildConfiguration;
			buildSettings = {
				ASSETCATALOG_COMPILER_APPICON_NAME = AppIcon;
				INFOPLIST_FILE = TyStringTest/Info.plist;
				LD_RUNPATH_SEARCH_PATHS = "$(inherited) @executable_path/Frameworks";
				PRODUCT_BUNDLE_IDENTIFIER = com.tianyiyan.TyStringTest;
				PRODUCT_NAME = "$(TARGET_NAME)";
			};
			name = Debug;
		};
		1910A52F1D410A8D00A45487 /* Release */ = {
			isa = XCBuildConfiguration;
			buildSettings = {
				ASSETCATALOG_COMPILER_APPICON_NAME = AppIcon;
				INFOPLIST_FILE = TyStringTest/Info.plist;
				LD_RUNPATH_SEARCH_PATHS = "$(inherited) @executable_path/Frameworks";
				PRODUCT_BUNDLE_IDENTIFIER = com.tianyiyan.TyStringTest;
				PRODUCT_NAME = "$(TARGET_NAME)";
			};
			name = Release;
		};
/* End XCBuildConfiguration section */

/* Begin XCConfigurationList section */
		1910A5111D410A8D00A45487 /* Build configuration list for PBXProject "TyStringTest" */ = {
			isa = XCConfigurationList;
			buildConfigurations = (
				1910A52B1D410A8D00A45487 /* Debug */,
				1910A52C1D410A8D00A45487 /* Release */,
			);
			defaultConfigurationIsVisible = 0;
			defaultConfigurationName = Release;
		};
		1910A52D1D410A8D00A45487 /* Build configuration list for PBXNativeTarget "TyStringTest" */ = {
			isa = XCConfigurationList;
			buildConfigurations = (
				1910A52E1D410A8D00A45487 /* Debug */,
				1910A52F1D410A8D00A45487 /* Release */,
			);
			defaultConfigurationIsVisible = 0;
		};
/* End XCConfigurationList section */
	};
	rootObject = 1910A50E1D410A8D00A45487 /* Project object */;
}
